
Microsoft Visual Studio Solution File, Format Version 12.00
# Visual Studio 15
VisualStudioVersion = 15.0.28010.0
MinimumVisualStudioVersion = 10.0.40219.1
Project("{FAE04EC0-301F-11D3-BF4B-00C04F79EFBC}") = "dynamic_series_lab1", "dynamic_series_lab1\dynamic_series_lab1.csproj", "{B772496E-5D3D-489B-AFBA-DA3484EF3F58}"
EndProject
Global
	GlobalSection(SolutionConfigurationPlatforms) = preSolution
		Debug|Any CPU = Debug|Any CPU
		Release|Any CPU = Release|Any CPU
	EndGlobalSection
	GlobalSection(ProjectConfigurationPlatforms) = postSolution
		{B772496E-5D3D-489B-AFBA-DA3484EF3F58}.Debug|Any CPU.ActiveCfg = Debug|Any CPU
		{B772496E-5D3D-489B-AFBA-DA3484EF3F58}.Debug|Any CPU.Build.0 = Debug|Any CPU
		{B772496E-5D3D-489B-AFBA-DA3484EF3F58}.Release|Any CPU.ActiveCfg = Release|Any CPU
		{B772496E-5D3D-489B-AFBA-DA3484EF3F58}.Release|Any CPU.Build.0 = Release|Any CPU
	EndGlobalSection
	GlobalSection(SolutionProperties) = preSolution
		HideSolutionNode = FALSE
	EndGlobalSection
	GlobalSection(ExtensibilityGlobals) = postSolution
		SolutionGuid = {4FB3310B-23C9-41A8-96C5-2A8EE121F040}
	EndGlobalSection
EndGlobal
